
Microsoft Visual Studio Solution File, Format Version 12.00
# Visual Studio Version 17
VisualStudioVersion = 17.14.36414.22
MinimumVisualStudioVersion = 10.0.40219.1
Project("{FAE04EC0-301F-11D3-BF4B-00C04F79EFBC}") = "Assignment10.2", "Assignment10.2.1\Assignment10.2.csproj", "{3618B438-EFBE-49B4-B949-78A0F9275D7A}"
EndProject
Global
	GlobalSection(SolutionConfigurationPlatforms) = preSolution
		Debug|Any CPU = Debug|Any CPU
		Release|Any CPU = Release|Any CPU
	EndGlobalSection
	GlobalSection(ProjectConfigurationPlatforms) = postSolution
		{3618B438-EFBE-49B4-B949-78A0F9275D7A}.Debug|Any CPU.ActiveCfg = Debug|Any CPU
		{3618B438-EFBE-49B4-B949-78A0F9275D7A}.Debug|Any CPU.Build.0 = Debug|Any CPU
		{3618B438-EFBE-49B4-B949-78A0F9275D7A}.Release|Any CPU.ActiveCfg = Release|Any CPU
		{3618B438-EFBE-49B4-B949-78A0F9275D7A}.Release|Any CPU.Build.0 = Release|Any CPU
	EndGlobalSection
	GlobalSection(SolutionProperties) = preSolution
		HideSolutionNode = FALSE
	EndGlobalSection
	GlobalSection(ExtensibilityGlobals) = postSolution
		SolutionGuid = {B6DBC43E-D0F6-4953-AB05-80E407F6A038}
	EndGlobalSection
EndGlobal
